# This is a Gradle generated file for dependency locking.
# Manual edits can break the build and are not advised.
# This file is expected to be part of source control.
com.fasterxml.jackson:jackson-bom:2.21.2=runtimeClasspath,testRuntimeClasspath
com.fasterxml.jackson.core:jackson-annotations:2.21=runtimeClasspath,testRuntimeClasspath
com.fasterxml.jackson.core:jackson-core:2.21.2=runtimeClasspath,testRuntimeClasspath
com.fasterxml.jackson.core:jackson-databind:2.21.2=runtimeClasspath,testRuntimeClasspath
org.lwjgl:lwjgl-glfw:3.4.3=runtimeClasspath,testRuntimeClasspath
org.lwjgl:lwjgl-opengl:3.4.3=runtimeClasspath,testRuntimeClasspath
org.lwjgl:lwjgl:3.4.3=runtimeClasspath,testRuntimeClasspath
empty=annotationProcessor,compileClasspath,testAnnotationProcessor,testCompileClasspath
